
Microsoft Visual Studio Solution File, Format Version 12.00
# Visual Studio Version 16
VisualStudioVersion = 16.0.30114.105
MinimumVisualStudioVersion = 10.0.40219.1
Project("{888888A0-9F3D-457C-B088-3A5042F75D52}") = "Bunker", "Bunker.pyproj", "{CE875CFB-9E77-4F9D-BA04-FA97B4EC2AE0}"
EndProject
Global
	GlobalSection(SolutionConfigurationPlatforms) = preSolution
		Debug|Any CPU = Debug|Any CPU
		Release|Any CPU = Release|Any CPU
	EndGlobalSection
	GlobalSection(ProjectConfigurationPlatforms) = postSolution
		{CE875CFB-9E77-4F9D-BA04-FA97B4EC2AE0}.Debug|Any CPU.ActiveCfg = Debug|Any CPU
		{CE875CFB-9E77-4F9D-BA04-FA97B4EC2AE0}.Debug|Any CPU.Build.0 = Debug|Any CPU
		{CE875CFB-9E77-4F9D-BA04-FA97B4EC2AE0}.Release|Any CPU.ActiveCfg = Release|Any CPU
		{CE875CFB-9E77-4F9D-BA04-FA97B4EC2AE0}.Release|Any CPU.Build.0 = Release|Any CPU
	EndGlobalSection
	GlobalSection(SolutionProperties) = preSolution
		HideSolutionNode = FALSE
	EndGlobalSection
	GlobalSection(ExtensibilityGlobals) = postSolution
		SolutionGuid = {DDF34257-6C3F-4EA0-BE54-64524186943E}
	EndGlobalSection
EndGlobal
